
Microsoft Visual Studio Solution File, Format Version 12.00
# Visual Studio 15
VisualStudioVersion = 15.0.27703.2035
MinimumVisualStudioVersion = 10.0.40219.1
Project("{FAE04EC0-301F-11D3-BF4B-00C04F79EFBC}") = "AcroniControls", "AcroniDesktop\AcroniControls\AcroniControls.csproj", "{ADF7371B-02A4-4E2B-B342-348E0F4D8F1C}"
EndProject
Project("{FAE04EC0-301F-11D3-BF4B-00C04F79EFBC}") = "AcroniLibrary", "AcroniDesktop\AcroniLibrary\AcroniLibrary.csproj", "{CE52AF0A-B700-4DBF-A004-C7240A6A1CC9}"
EndProject
Project("{FAE04EC0-301F-11D3-BF4B-00C04F79EFBC}") = "AcroniUI", "AcroniDesktop\AcroniUI\AcroniUI.csproj", "{9D534214-9E90-4506-9D5A-B9648BB7BCE3}"
	ProjectSection(ProjectDependencies) = postProject
		{CE52AF0A-B700-4DBF-A004-C7240A6A1CC9} = {CE52AF0A-B700-4DBF-A004-C7240A6A1CC9}
		{ADF7371B-02A4-4E2B-B342-348E0F4D8F1C} = {ADF7371B-02A4-4E2B-B342-348E0F4D8F1C}
	EndProjectSection
EndProject
Project("{54435603-DBB4-11D2-8724-00A0C9A8B90C}") = "AcroniInstaller", "AcroniInstaller\AcroniInstaller.vdproj", "{F66ED1D0-0F1D-45EE-B7A4-79395EB62DA5}"
EndProject
Global
	GlobalSection(SolutionConfigurationPlatforms) = preSolution
		Debug|Any CPU = Debug|Any CPU
		Debug|x86 = Debug|x86
		Release|Any CPU = Release|Any CPU
		Release|x86 = Release|x86
	EndGlobalSection
	GlobalSection(ProjectConfigurationPlatforms) = postSolution
		{ADF7371B-02A4-4E2B-B342-348E0F4D8F1C}.Debug|Any CPU.ActiveCfg = Debug|Any CPU
		{ADF7371B-02A4-4E2B-B342-348E0F4D8F1C}.Debug|Any CPU.Build.0 = Debug|Any CPU
		{ADF7371B-02A4-4E2B-B342-348E0F4D8F1C}.Debug|x86.ActiveCfg = Debug|x86
		{ADF7371B-02A4-4E2B-B342-348E0F4D8F1C}.Debug|x86.Build.0 = Debug|x86
		{ADF7371B-02A4-4E2B-B342-348E0F4D8F1C}.Release|Any CPU.ActiveCfg = Release|Any CPU
		{ADF7371B-02A4-4E2B-B342-348E0F4D8F1C}.Release|Any CPU.Build.0 = Release|Any CPU
		{ADF7371B-02A4-4E2B-B342-348E0F4D8F1C}.Release|x86.ActiveCfg = Release|x86
		{ADF7371B-02A4-4E2B-B342-348E0F4D8F1C}.Release|x86.Build.0 = Release|x86
		{CE52AF0A-B700-4DBF-A004-C7240A6A1CC9}.Debug|Any CPU.ActiveCfg = Debug|Any CPU
		{CE52AF0A-B700-4DBF-A004-C7240A6A1CC9}.Debug|Any CPU.Build.0 = Debug|Any CPU
		{CE52AF0A-B700-4DBF-A004-C7240A6A1CC9}.Debug|x86.ActiveCfg = Debug|x86
		{CE52AF0A-B700-4DBF-A004-C7240A6A1CC9}.Debug|x86.Build.0 = Debug|x86
		{CE52AF0A-B700-4DBF-A004-C7240A6A1CC9}.Release|Any CPU.ActiveCfg = Release|Any CPU
		{CE52AF0A-B700-4DBF-A004-C7240A6A1CC9}.Release|Any CPU.Build.0 = Release|Any CPU
		{CE52AF0A-B700-4DBF-A004-C7240A6A1CC9}.Release|x86.ActiveCfg = Release|x86
		{CE52AF0A-B700-4DBF-A004-C7240A6A1CC9}.Release|x86.Build.0 = Release|x86
		{9D534214-9E90-4506-9D5A-B9648BB7BCE3}.Debug|Any CPU.ActiveCfg = Debug|Any CPU
		{9D534214-9E90-4506-9D5A-B9648BB7BCE3}.Debug|Any CPU.Build.0 = Debug|Any CPU
		{9D534214-9E90-4506-9D5A-B9648BB7BCE3}.Debug|x86.ActiveCfg = Debug|x86
		{9D534214-9E90-4506-9D5A-B9648BB7BCE3}.Debug|x86.Build.0 = Debug|x86
		{9D534214-9E90-4506-9D5A-B9648BB7BCE3}.Release|Any CPU.ActiveCfg = Release|Any CPU
		{9D534214-9E90-4506-9D5A-B9648BB7BCE3}.Release|Any CPU.Build.0 = Release|Any CPU
		{9D534214-9E90-4506-9D5A-B9648BB7BCE3}.Release|x86.ActiveCfg = Release|x86
		{9D534214-9E90-4506-9D5A-B9648BB7BCE3}.Release|x86.Build.0 = Release|x86
		{F66ED1D0-0F1D-45EE-B7A4-79395EB62DA5}.Debug|Any CPU.ActiveCfg = Debug
		{F66ED1D0-0F1D-45EE-B7A4-79395EB62DA5}.Debug|x86.ActiveCfg = Debug
		{F66ED1D0-0F1D-45EE-B7A4-79395EB62DA5}.Debug|x86.Build.0 = Debug
		{F66ED1D0-0F1D-45EE-B7A4-79395EB62DA5}.Release|Any CPU.ActiveCfg = Release
		{F66ED1D0-0F1D-45EE-B7A4-79395EB62DA5}.Release|x86.ActiveCfg = Release
		{F66ED1D0-0F1D-45EE-B7A4-79395EB62DA5}.Release|x86.Build.0 = Release
	EndGlobalSection
	GlobalSection(SolutionProperties) = preSolution
		HideSolutionNode = FALSE
	EndGlobalSection
	GlobalSection(ExtensibilityGlobals) = postSolution
		SolutionGuid = {19E9E3DE-8D5F-494B-9D22-CC45CD893A08}
	EndGlobalSection
EndGlobal
