
Microsoft Visual Studio Solution File, Format Version 12.00
# Visual Studio 15
VisualStudioVersion = 15.0.27703.2035
MinimumVisualStudioVersion = 10.0.40219.1
Project("{FAE04EC0-301F-11D3-BF4B-00C04F79EFBC}") = "AcroniUI", "AcroniUI\AcroniUI.csproj", "{D19978D5-243D-419D-9F05-D75DCCA5FD2D}"
EndProject
Project("{FAE04EC0-301F-11D3-BF4B-00C04F79EFBC}") = "AcroniLibrary", "AcroniLibrary\AcroniLibrary.csproj", "{28752632-4CF6-40C7-A0B0-04D2742DC590}"
EndProject
Project("{FAE04EC0-301F-11D3-BF4B-00C04F79EFBC}") = "AcroniTest", "AcroniTest\AcroniTest.csproj", "{1E5EB0D1-4659-4C25-84FB-A02828CFFA4B}"
EndProject
Project("{FAE04EC0-301F-11D3-BF4B-00C04F79EFBC}") = "AcroniControls", "AcroniControls\AcroniControls.csproj", "{74FEC93E-7D6A-4328-888D-49F2C2BD076C}"
EndProject
Global
	GlobalSection(SolutionConfigurationPlatforms) = preSolution
		Debug|Any CPU = Debug|Any CPU
		Release|Any CPU = Release|Any CPU
	EndGlobalSection
	GlobalSection(ProjectConfigurationPlatforms) = postSolution
		{D19978D5-243D-419D-9F05-D75DCCA5FD2D}.Debug|Any CPU.ActiveCfg = Debug|Any CPU
		{D19978D5-243D-419D-9F05-D75DCCA5FD2D}.Debug|Any CPU.Build.0 = Debug|Any CPU
		{D19978D5-243D-419D-9F05-D75DCCA5FD2D}.Release|Any CPU.ActiveCfg = Release|Any CPU
		{D19978D5-243D-419D-9F05-D75DCCA5FD2D}.Release|Any CPU.Build.0 = Release|Any CPU
		{28752632-4CF6-40C7-A0B0-04D2742DC590}.Debug|Any CPU.ActiveCfg = Debug|Any CPU
		{28752632-4CF6-40C7-A0B0-04D2742DC590}.Debug|Any CPU.Build.0 = Debug|Any CPU
		{28752632-4CF6-40C7-A0B0-04D2742DC590}.Release|Any CPU.ActiveCfg = Release|Any CPU
		{28752632-4CF6-40C7-A0B0-04D2742DC590}.Release|Any CPU.Build.0 = Release|Any CPU
		{1E5EB0D1-4659-4C25-84FB-A02828CFFA4B}.Debug|Any CPU.ActiveCfg = Debug|Any CPU
		{1E5EB0D1-4659-4C25-84FB-A02828CFFA4B}.Debug|Any CPU.Build.0 = Debug|Any CPU
		{1E5EB0D1-4659-4C25-84FB-A02828CFFA4B}.Release|Any CPU.ActiveCfg = Release|Any CPU
		{1E5EB0D1-4659-4C25-84FB-A02828CFFA4B}.Release|Any CPU.Build.0 = Release|Any CPU
		{74FEC93E-7D6A-4328-888D-49F2C2BD076C}.Debug|Any CPU.ActiveCfg = Debug|Any CPU
		{74FEC93E-7D6A-4328-888D-49F2C2BD076C}.Debug|Any CPU.Build.0 = Debug|Any CPU
		{74FEC93E-7D6A-4328-888D-49F2C2BD076C}.Release|Any CPU.ActiveCfg = Release|Any CPU
		{74FEC93E-7D6A-4328-888D-49F2C2BD076C}.Release|Any CPU.Build.0 = Release|Any CPU
	EndGlobalSection
	GlobalSection(SolutionProperties) = preSolution
		HideSolutionNode = FALSE
	EndGlobalSection
	GlobalSection(ExtensibilityGlobals) = postSolution
		SolutionGuid = {7C15F800-01A7-4220-A1C6-DA41C1BACFFD}
	EndGlobalSection
EndGlobal
