
Microsoft Visual Studio Solution File, Format Version 12.00
# Visual Studio 15
VisualStudioVersion = 15.0.27428.2015
MinimumVisualStudioVersion = 10.0.40219.1
Project("{FAE04EC0-301F-11D3-BF4B-00C04F79EFBC}") = "login-v1.0", "login-v1.0\login-v1.0.csproj", "{A2A28043-239A-4FA7-89DA-A68E0BF1CED0}"
EndProject
Global
	GlobalSection(SolutionConfigurationPlatforms) = preSolution
		Debug|Any CPU = Debug|Any CPU
		Release|Any CPU = Release|Any CPU
	EndGlobalSection
	GlobalSection(ProjectConfigurationPlatforms) = postSolution
		{A2A28043-239A-4FA7-89DA-A68E0BF1CED0}.Debug|Any CPU.ActiveCfg = Debug|Any CPU
		{A2A28043-239A-4FA7-89DA-A68E0BF1CED0}.Debug|Any CPU.Build.0 = Debug|Any CPU
		{A2A28043-239A-4FA7-89DA-A68E0BF1CED0}.Release|Any CPU.ActiveCfg = Release|Any CPU
		{A2A28043-239A-4FA7-89DA-A68E0BF1CED0}.Release|Any CPU.Build.0 = Release|Any CPU
	EndGlobalSection
	GlobalSection(SolutionProperties) = preSolution
		HideSolutionNode = FALSE
	EndGlobalSection
	GlobalSection(ExtensibilityGlobals) = postSolution
		SolutionGuid = {1AD5960F-FE1D-4D17-8132-B7D967932983}
	EndGlobalSection
EndGlobal
