
Microsoft Visual Studio Solution File, Format Version 12.00
# Visual Studio 15
VisualStudioVersion = 15.0.27428.2037
MinimumVisualStudioVersion = 10.0.40219.1
Project("{FAE04EC0-301F-11D3-BF4B-00C04F79EFBC}") = "ColorPicker", "ColorPicker\ColorPicker.csproj", "{FA270AC9-545A-4390-94D5-FAF1BD9188EA}"
EndProject
Global
	GlobalSection(SolutionConfigurationPlatforms) = preSolution
		Debug|Any CPU = Debug|Any CPU
		Release|Any CPU = Release|Any CPU
	EndGlobalSection
	GlobalSection(ProjectConfigurationPlatforms) = postSolution
		{FA270AC9-545A-4390-94D5-FAF1BD9188EA}.Debug|Any CPU.ActiveCfg = Debug|Any CPU
		{FA270AC9-545A-4390-94D5-FAF1BD9188EA}.Debug|Any CPU.Build.0 = Debug|Any CPU
		{FA270AC9-545A-4390-94D5-FAF1BD9188EA}.Release|Any CPU.ActiveCfg = Release|Any CPU
		{FA270AC9-545A-4390-94D5-FAF1BD9188EA}.Release|Any CPU.Build.0 = Release|Any CPU
	EndGlobalSection
	GlobalSection(SolutionProperties) = preSolution
		HideSolutionNode = FALSE
	EndGlobalSection
	GlobalSection(ExtensibilityGlobals) = postSolution
		SolutionGuid = {8F58FAA8-2008-43DE-A30B-71052E69FA85}
	EndGlobalSection
EndGlobal
